
Microsoft Visual Studio Solution File, Format Version 12.00
# Visual Studio Version 17
VisualStudioVersion = 17.14.36408.4 d17.14
MinimumVisualStudioVersion = 10.0.40219.1
Project("{888888A0-9F3D-457C-B088-3A5042F75D52}") = "ESUP_AllianceProcessing", "ESUP_AllianceProcessing.pyproj", "{759EC71A-6D83-4301-8933-093739EBF706}"
EndProject
Global
	GlobalSection(SolutionConfigurationPlatforms) = preSolution
		Debug|Any CPU = Debug|Any CPU
		Release|Any CPU = Release|Any CPU
	EndGlobalSection
	GlobalSection(ProjectConfigurationPlatforms) = postSolution
		{759EC71A-6D83-4301-8933-093739EBF706}.Debug|Any CPU.ActiveCfg = Debug|Any CPU
		{759EC71A-6D83-4301-8933-093739EBF706}.Release|Any CPU.ActiveCfg = Release|Any CPU
	EndGlobalSection
	GlobalSection(SolutionProperties) = preSolution
		HideSolutionNode = FALSE
	EndGlobalSection
	GlobalSection(ExtensibilityGlobals) = postSolution
		SolutionGuid = {39B16852-E74E-459E-879C-4E311CB4F300}
	EndGlobalSection
EndGlobal
